
Microsoft Visual Studio Solution File, Format Version 12.00
# Visual Studio Version 17
VisualStudioVersion = 17.6.33815.320
MinimumVisualStudioVersion = 10.0.40219.1
Project("{FAE04EC0-301F-11D3-BF4B-00C04F79EFBC}") = "QuanLyQuanNuoc", "QuanLyQuanNuoc\QuanLyQuanNuoc.csproj", "{88C3E630-5A9F-4880-A030-8F881730019F}"
EndProject
Global
	GlobalSection(SolutionConfigurationPlatforms) = preSolution
		Debug|Any CPU = Debug|Any CPU
		Release|Any CPU = Release|Any CPU
	EndGlobalSection
	GlobalSection(ProjectConfigurationPlatforms) = postSolution
		{88C3E630-5A9F-4880-A030-8F881730019F}.Debug|Any CPU.ActiveCfg = Debug|Any CPU
		{88C3E630-5A9F-4880-A030-8F881730019F}.Debug|Any CPU.Build.0 = Debug|Any CPU
		{88C3E630-5A9F-4880-A030-8F881730019F}.Release|Any CPU.ActiveCfg = Release|Any CPU
		{88C3E630-5A9F-4880-A030-8F881730019F}.Release|Any CPU.Build.0 = Release|Any CPU
	EndGlobalSection
	GlobalSection(SolutionProperties) = preSolution
		HideSolutionNode = FALSE
	EndGlobalSection
	GlobalSection(ExtensibilityGlobals) = postSolution
		SolutionGuid = {D03B81B6-10ED-4F02-9BF4-648BB15D21C4}
	EndGlobalSection
EndGlobal
